
Microsoft Visual Studio Solution File, Format Version 12.00
# Visual Studio Version 17
VisualStudioVersion = 17.13.35913.81 d17.13
MinimumVisualStudioVersion = 10.0.40219.1
Project("{FAE04EC0-301F-11D3-BF4B-00C04F79EFBC}") = "Stocks-SignalR", "Stocks-SignalR.csproj", "{06AB21A9-2ABB-433C-A91D-C40A23014F5D}"
EndProject
Global
	GlobalSection(SolutionConfigurationPlatforms) = preSolution
		Debug|Any CPU = Debug|Any CPU
		Release|Any CPU = Release|Any CPU
	EndGlobalSection
	GlobalSection(ProjectConfigurationPlatforms) = postSolution
		{06AB21A9-2ABB-433C-A91D-C40A23014F5D}.Debug|Any CPU.ActiveCfg = Debug|Any CPU
		{06AB21A9-2ABB-433C-A91D-C40A23014F5D}.Debug|Any CPU.Build.0 = Debug|Any CPU
		{06AB21A9-2ABB-433C-A91D-C40A23014F5D}.Release|Any CPU.ActiveCfg = Release|Any CPU
		{06AB21A9-2ABB-433C-A91D-C40A23014F5D}.Release|Any CPU.Build.0 = Release|Any CPU
	EndGlobalSection
	GlobalSection(SolutionProperties) = preSolution
		HideSolutionNode = FALSE
	EndGlobalSection
	GlobalSection(ExtensibilityGlobals) = postSolution
		SolutionGuid = {4040AECD-4F57-47CF-A235-89F25F7945C9}
	EndGlobalSection
EndGlobal
